
Microsoft Visual Studio Solution File, Format Version 12.00
# Visual Studio Version 16
VisualStudioVersion = 16.0.30711.63
MinimumVisualStudioVersion = 10.0.40219.1
Project("{FAE04EC0-301F-11D3-BF4B-00C04F79EFBC}") = "class9-for-statement-in-csharp", "class9-for-statement-in-csharp\class9-for-statement-in-csharp.csproj", "{67DDCC7C-0F6E-4730-AEF5-D8ACDBB9456F}"
EndProject
Global
	GlobalSection(SolutionConfigurationPlatforms) = preSolution
		Debug|Any CPU = Debug|Any CPU
		Release|Any CPU = Release|Any CPU
	EndGlobalSection
	GlobalSection(ProjectConfigurationPlatforms) = postSolution
		{67DDCC7C-0F6E-4730-AEF5-D8ACDBB9456F}.Debug|Any CPU.ActiveCfg = Debug|Any CPU
		{67DDCC7C-0F6E-4730-AEF5-D8ACDBB9456F}.Debug|Any CPU.Build.0 = Debug|Any CPU
		{67DDCC7C-0F6E-4730-AEF5-D8ACDBB9456F}.Release|Any CPU.ActiveCfg = Release|Any CPU
		{67DDCC7C-0F6E-4730-AEF5-D8ACDBB9456F}.Release|Any CPU.Build.0 = Release|Any CPU
	EndGlobalSection
	GlobalSection(SolutionProperties) = preSolution
		HideSolutionNode = FALSE
	EndGlobalSection
	GlobalSection(ExtensibilityGlobals) = postSolution
		SolutionGuid = {1E0EB976-0CDC-4856-826E-19D93507C207}
	EndGlobalSection
EndGlobal
