
Microsoft Visual Studio Solution File, Format Version 12.00
# Visual Studio Version 16
VisualStudioVersion = 16.0.30711.63
MinimumVisualStudioVersion = 10.0.40219.1
Project("{FAE04EC0-301F-11D3-BF4B-00C04F79EFBC}") = "class2-variables-types-in-csharp", "class2-variables-types-in-csharp\class2-variables-types-in-csharp.csproj", "{418EC3AB-7E54-4489-B889-D5DB43FDDC05}"
EndProject
Global
	GlobalSection(SolutionConfigurationPlatforms) = preSolution
		Debug|Any CPU = Debug|Any CPU
		Release|Any CPU = Release|Any CPU
	EndGlobalSection
	GlobalSection(ProjectConfigurationPlatforms) = postSolution
		{418EC3AB-7E54-4489-B889-D5DB43FDDC05}.Debug|Any CPU.ActiveCfg = Debug|Any CPU
		{418EC3AB-7E54-4489-B889-D5DB43FDDC05}.Debug|Any CPU.Build.0 = Debug|Any CPU
		{418EC3AB-7E54-4489-B889-D5DB43FDDC05}.Release|Any CPU.ActiveCfg = Release|Any CPU
		{418EC3AB-7E54-4489-B889-D5DB43FDDC05}.Release|Any CPU.Build.0 = Release|Any CPU
	EndGlobalSection
	GlobalSection(SolutionProperties) = preSolution
		HideSolutionNode = FALSE
	EndGlobalSection
	GlobalSection(ExtensibilityGlobals) = postSolution
		SolutionGuid = {260F315B-22B9-4BBD-9A4F-0D28E76B7DC6}
	EndGlobalSection
EndGlobal
