
Microsoft Visual Studio Solution File, Format Version 12.00
# Visual Studio Version 16
VisualStudioVersion = 16.0.30711.63
MinimumVisualStudioVersion = 10.0.40219.1
Project("{FAE04EC0-301F-11D3-BF4B-00C04F79EFBC}") = "class4-data-processing-in-csharp", "class4-data-processing-in-csharp\class4-data-processing-in-csharp.csproj", "{46D283B3-B752-4829-8615-529CE5908DDD}"
EndProject
Global
	GlobalSection(SolutionConfigurationPlatforms) = preSolution
		Debug|Any CPU = Debug|Any CPU
		Release|Any CPU = Release|Any CPU
	EndGlobalSection
	GlobalSection(ProjectConfigurationPlatforms) = postSolution
		{46D283B3-B752-4829-8615-529CE5908DDD}.Debug|Any CPU.ActiveCfg = Debug|Any CPU
		{46D283B3-B752-4829-8615-529CE5908DDD}.Debug|Any CPU.Build.0 = Debug|Any CPU
		{46D283B3-B752-4829-8615-529CE5908DDD}.Release|Any CPU.ActiveCfg = Release|Any CPU
		{46D283B3-B752-4829-8615-529CE5908DDD}.Release|Any CPU.Build.0 = Release|Any CPU
	EndGlobalSection
	GlobalSection(SolutionProperties) = preSolution
		HideSolutionNode = FALSE
	EndGlobalSection
	GlobalSection(ExtensibilityGlobals) = postSolution
		SolutionGuid = {0BA65DD3-0C28-4C9F-9D73-E882368EEB02}
	EndGlobalSection
EndGlobal
