
Microsoft Visual Studio Solution File, Format Version 12.00
# Visual Studio Version 16
VisualStudioVersion = 16.0.30711.63
MinimumVisualStudioVersion = 10.0.40219.1
Project("{FAE04EC0-301F-11D3-BF4B-00C04F79EFBC}") = "class3-data-output-in-csharp", "class3-data-output-in-csharp\class3-data-output-in-csharp.csproj", "{B2F87401-2B19-46B7-BB89-2848CF87E275}"
EndProject
Global
	GlobalSection(SolutionConfigurationPlatforms) = preSolution
		Debug|Any CPU = Debug|Any CPU
		Release|Any CPU = Release|Any CPU
	EndGlobalSection
	GlobalSection(ProjectConfigurationPlatforms) = postSolution
		{B2F87401-2B19-46B7-BB89-2848CF87E275}.Debug|Any CPU.ActiveCfg = Debug|Any CPU
		{B2F87401-2B19-46B7-BB89-2848CF87E275}.Debug|Any CPU.Build.0 = Debug|Any CPU
		{B2F87401-2B19-46B7-BB89-2848CF87E275}.Release|Any CPU.ActiveCfg = Release|Any CPU
		{B2F87401-2B19-46B7-BB89-2848CF87E275}.Release|Any CPU.Build.0 = Release|Any CPU
	EndGlobalSection
	GlobalSection(SolutionProperties) = preSolution
		HideSolutionNode = FALSE
	EndGlobalSection
	GlobalSection(ExtensibilityGlobals) = postSolution
		SolutionGuid = {52114BFB-42E1-46EF-911E-AEF66BEB5446}
	EndGlobalSection
EndGlobal
